
Microsoft Visual Studio Solution File, Format Version 12.00
# Visual Studio Version 17
VisualStudioVersion = 17.8.34309.116
MinimumVisualStudioVersion = 10.0.40219.1
Project("{FAE04EC0-301F-11D3-BF4B-00C04F79EFBC}") = "Price Comparison Website", "Price Comparison Website\Price Comparison Website.csproj", "{DA408F93-DBF3-4AF3-B45D-A7D630B8F602}"
EndProject
Project("{FAE04EC0-301F-11D3-BF4B-00C04F79EFBC}") = "Price Comparison Website.Tests", "Price Comparison Website.Tests\Price Comparison Website.Tests.csproj", "{6AE6B882-D32B-4B23-AA30-B0BDC9EC5856}"
EndProject
Global
	GlobalSection(SolutionConfigurationPlatforms) = preSolution
		Debug|Any CPU = Debug|Any CPU
		Release|Any CPU = Release|Any CPU
	EndGlobalSection
	GlobalSection(ProjectConfigurationPlatforms) = postSolution
		{DA408F93-DBF3-4AF3-B45D-A7D630B8F602}.Debug|Any CPU.ActiveCfg = Debug|Any CPU
		{DA408F93-DBF3-4AF3-B45D-A7D630B8F602}.Debug|Any CPU.Build.0 = Debug|Any CPU
		{DA408F93-DBF3-4AF3-B45D-A7D630B8F602}.Release|Any CPU.ActiveCfg = Release|Any CPU
		{DA408F93-DBF3-4AF3-B45D-A7D630B8F602}.Release|Any CPU.Build.0 = Release|Any CPU
		{6AE6B882-D32B-4B23-AA30-B0BDC9EC5856}.Debug|Any CPU.ActiveCfg = Debug|Any CPU
		{6AE6B882-D32B-4B23-AA30-B0BDC9EC5856}.Debug|Any CPU.Build.0 = Debug|Any CPU
		{6AE6B882-D32B-4B23-AA30-B0BDC9EC5856}.Release|Any CPU.ActiveCfg = Release|Any CPU
		{6AE6B882-D32B-4B23-AA30-B0BDC9EC5856}.Release|Any CPU.Build.0 = Release|Any CPU
	EndGlobalSection
	GlobalSection(SolutionProperties) = preSolution
		HideSolutionNode = FALSE
	EndGlobalSection
	GlobalSection(ExtensibilityGlobals) = postSolution
		SolutionGuid = {EF2627D6-731C-4975-909C-0F44849AB791}
	EndGlobalSection
EndGlobal
