Microsoft Visual Studio Solution File, Format Version 12.00
# Visual Studio Version 17
VisualStudioVersion = 17.5.2.0
MinimumVisualStudioVersion = 10.0.40219.1
Project("{FAE04EC0-301F-11D3-BF4B-00C04F79EFBC}") = "PriceComparisonWebsite.Tests", "PriceComparisonWebsite.Tests.csproj", "{FE4D540E-6D2C-F4C6-6471-4B08BEF560B3}"
EndProject
Global
	GlobalSection(SolutionConfigurationPlatforms) = preSolution
		Debug|Any CPU = Debug|Any CPU
		Release|Any CPU = Release|Any CPU
	EndGlobalSection
	GlobalSection(ProjectConfigurationPlatforms) = postSolution
		{FE4D540E-6D2C-F4C6-6471-4B08BEF560B3}.Debug|Any CPU.ActiveCfg = Debug|Any CPU
		{FE4D540E-6D2C-F4C6-6471-4B08BEF560B3}.Debug|Any CPU.Build.0 = Debug|Any CPU
		{FE4D540E-6D2C-F4C6-6471-4B08BEF560B3}.Release|Any CPU.ActiveCfg = Release|Any CPU
		{FE4D540E-6D2C-F4C6-6471-4B08BEF560B3}.Release|Any CPU.Build.0 = Release|Any CPU
	EndGlobalSection
	GlobalSection(SolutionProperties) = preSolution
		HideSolutionNode = FALSE
	EndGlobalSection
	GlobalSection(ExtensibilityGlobals) = postSolution
		SolutionGuid = {5F639ABF-39C7-4C99-BA4C-E547E76EB173}
	EndGlobalSection
EndGlobal
